
Microsoft Visual Studio Solution File, Format Version 12.00
# Visual Studio Version 17
VisualStudioVersion = 17.5.33414.496
MinimumVisualStudioVersion = 10.0.40219.1
Project("{FAE04EC0-301F-11D3-BF4B-00C04F79EFBC}") = "WebApp_DS", "WebApp_DS\WebApp_DS.csproj", "{55CF00E3-1E90-404A-B837-6F2BB065ABF3}"
EndProject
Global
	GlobalSection(SolutionConfigurationPlatforms) = preSolution
		Debug|Any CPU = Debug|Any CPU
		Release|Any CPU = Release|Any CPU
	EndGlobalSection
	GlobalSection(ProjectConfigurationPlatforms) = postSolution
		{55CF00E3-1E90-404A-B837-6F2BB065ABF3}.Debug|Any CPU.ActiveCfg = Debug|Any CPU
		{55CF00E3-1E90-404A-B837-6F2BB065ABF3}.Debug|Any CPU.Build.0 = Debug|Any CPU
		{55CF00E3-1E90-404A-B837-6F2BB065ABF3}.Release|Any CPU.ActiveCfg = Release|Any CPU
		{55CF00E3-1E90-404A-B837-6F2BB065ABF3}.Release|Any CPU.Build.0 = Release|Any CPU
	EndGlobalSection
	GlobalSection(SolutionProperties) = preSolution
		HideSolutionNode = FALSE
	EndGlobalSection
	GlobalSection(ExtensibilityGlobals) = postSolution
		SolutionGuid = {3F349D99-4719-49DD-8E60-479255954BE2}
	EndGlobalSection
EndGlobal
